
Microsoft Visual Studio Solution File, Format Version 12.00
# Visual Studio Version 16
VisualStudioVersion = 16.0.29709.97
MinimumVisualStudioVersion = 10.0.40219.1
Project("{FAE04EC0-301F-11D3-BF4B-00C04F79EFBC}") = "Example", "Example\Example.csproj", "{211EC797-F8E7-478E-A9C7-E288945473FC}"
EndProject
Global
	GlobalSection(SolutionConfigurationPlatforms) = preSolution
		Debug|Any CPU = Debug|Any CPU
		Release|Any CPU = Release|Any CPU
	EndGlobalSection
	GlobalSection(ProjectConfigurationPlatforms) = postSolution
		{211EC797-F8E7-478E-A9C7-E288945473FC}.Debug|Any CPU.ActiveCfg = Debug|Any CPU
		{211EC797-F8E7-478E-A9C7-E288945473FC}.Debug|Any CPU.Build.0 = Debug|Any CPU
		{211EC797-F8E7-478E-A9C7-E288945473FC}.Release|Any CPU.ActiveCfg = Release|Any CPU
		{211EC797-F8E7-478E-A9C7-E288945473FC}.Release|Any CPU.Build.0 = Release|Any CPU
	EndGlobalSection
	GlobalSection(SolutionProperties) = preSolution
		HideSolutionNode = FALSE
	EndGlobalSection
	GlobalSection(ExtensibilityGlobals) = postSolution
		SolutionGuid = {EEB78842-9973-4A92-A3EF-CA98A88805B0}
	EndGlobalSection
EndGlobal
